Microsoft Visual Studio Solution File, Format Version 12.00
# Visual Studio Version 17
VisualStudioVersion = 17.5.2.0
MinimumVisualStudioVersion = 10.0.40219.1
Project("{FAE04EC0-301F-11D3-BF4B-00C04F79EFBC}") = "PlayerGuide", "PlayerGuide.csproj", "{DD0CC6B6-4449-6DFB-235A-AC3C49AC7745}"
EndProject
Global
	GlobalSection(SolutionConfigurationPlatforms) = preSolution
		Debug|Any CPU = Debug|Any CPU
		Release|Any CPU = Release|Any CPU
	EndGlobalSection
	GlobalSection(ProjectConfigurationPlatforms) = postSolution
		{DD0CC6B6-4449-6DFB-235A-AC3C49AC7745}.Debug|Any CPU.ActiveCfg = Debug|Any CPU
		{DD0CC6B6-4449-6DFB-235A-AC3C49AC7745}.Debug|Any CPU.Build.0 = Debug|Any CPU
		{DD0CC6B6-4449-6DFB-235A-AC3C49AC7745}.Release|Any CPU.ActiveCfg = Release|Any CPU
		{DD0CC6B6-4449-6DFB-235A-AC3C49AC7745}.Release|Any CPU.Build.0 = Release|Any CPU
	EndGlobalSection
	GlobalSection(SolutionProperties) = preSolution
		HideSolutionNode = FALSE
	EndGlobalSection
	GlobalSection(ExtensibilityGlobals) = postSolution
		SolutionGuid = {B14D015F-3D05-4960-AFE5-149818F9E000}
	EndGlobalSection
EndGlobal
